<?xml version="1.0"?>
<CONFIG>
  <ProjectOptions>
    <Version Value="7"/>
    <General>
      <MainUnit Value="0"/>
      <TargetFileExt Value=""/>
      <Icon Value="0"/>
      <UseXPManifest Value="True"/>
      <ActiveEditorIndexAtStart Value="0"/>
    </General>
    <VersionInfo>
      <ProjectVersion Value=""/>
      <Language Value=""/>
      <CharSet Value=""/>
    </VersionInfo>
    <PublishOptions>
      <Version Value="2"/>
      <IgnoreBinaries Value="False"/>
      <IncludeFileFilter Value="*.(pas|pp|inc|lfm|lpr|lrs|lpi|lpk|sh|xml)"/>
      <ExcludeFileFilter Value="*.(bak|ppu|ppw|o|so);*~;backup"/>
    </PublishOptions>
    <RunParams>
      <local>
        <FormatVersion Value="1"/>
        <LaunchingApplication PathPlusParams="/usr/X11R6/bin/xterm -T 'Lazarus Run Output' -e $(LazarusDir)/tools/runwait.sh $(TargetCmdLine)"/>
      </local>
    </RunParams>
    <RequiredPackages Count="1">
      <Item1>
        <PackageName Value="LCL"/>
      </Item1>
    </RequiredPackages>
    <Units Count="17">
      <Unit0>
        <Filename Value="moteur2d.lpr"/>
        <IsPartOfProject Value="True"/>
        <UnitName Value="moteur2d"/>
        <UsageCount Value="29"/>
      </Unit0>
      <Unit1>
        <Filename Value="ufaceavant.pas"/>
        <IsPartOfProject Value="True"/>
        <ComponentName Value="Form1"/>
        <ResourceBaseClass Value="Form"/>
        <UnitName Value="UFaceAvant"/>
        <CursorPos X="24" Y="69"/>
        <TopLine Value="57"/>
        <EditorIndex Value="0"/>
        <UsageCount Value="29"/>
        <Loaded Value="True"/>
      </Unit1>
      <Unit2>
        <Filename Value="udessinobjet.pas"/>
        <IsPartOfProject Value="True"/>
        <ComponentName Value="Form2"/>
        <ResourceBaseClass Value="Form"/>
        <UnitName Value="UDessinObjet"/>
        <CursorPos X="32" Y="216"/>
        <TopLine Value="216"/>
        <EditorIndex Value="1"/>
        <UsageCount Value="29"/>
        <Loaded Value="True"/>
      </Unit2>
      <Unit3>
        <Filename Value="uforme.pas"/>
        <IsPartOfProject Value="True"/>
        <UnitName Value="UForme"/>
        <CursorPos X="5" Y="104"/>
        <TopLine Value="1"/>
        <UsageCount Value="29"/>
      </Unit3>
      <Unit4>
        <Filename Value="udessindecor.pas"/>
        <IsPartOfProject Value="True"/>
        <ComponentName Value="Form3"/>
        <ResourceBaseClass Value="Form"/>
        <UnitName Value="UDessinDecor"/>
        <CursorPos X="57" Y="80"/>
        <TopLine Value="69"/>
        <EditorIndex Value="3"/>
        <UsageCount Value="29"/>
        <Loaded Value="True"/>
      </Unit4>
      <Unit5>
        <Filename Value="uparamphys.pas"/>
        <IsPartOfProject Value="True"/>
        <ComponentName Value="Form4"/>
        <ResourceBaseClass Value="Form"/>
        <UnitName Value="UParamPhys"/>
        <CursorPos X="24" Y="4"/>
        <TopLine Value="1"/>
        <EditorIndex Value="4"/>
        <UsageCount Value="28"/>
        <Loaded Value="True"/>
      </Unit5>
      <Unit6>
        <Filename Value="uposition.pas"/>
        <IsPartOfProject Value="True"/>
        <UnitName Value="UPosition"/>
        <CursorPos X="1" Y="15"/>
        <TopLine Value="1"/>
        <UsageCount Value="28"/>
      </Unit6>
      <Unit7>
        <Filename Value="upositionsolide.pas"/>
        <IsPartOfProject Value="True"/>
        <UnitName Value="UPositionSolide"/>
        <CursorPos X="25" Y="2"/>
        <TopLine Value="1"/>
        <UsageCount Value="28"/>
      </Unit7>
      <Unit8>
        <Filename Value="uresultante.pas"/>
        <IsPartOfProject Value="True"/>
        <UnitName Value="UResultante"/>
        <CursorPos X="1" Y="110"/>
        <TopLine Value="1"/>
        <UsageCount Value="28"/>
      </Unit8>
      <Unit9>
        <Filename Value="usolidemouvement.pas"/>
        <IsPartOfProject Value="True"/>
        <UnitName Value="USolideMouvement"/>
        <CursorPos X="23" Y="8"/>
        <TopLine Value="98"/>
        <UsageCount Value="28"/>
      </Unit9>
      <Unit10>
        <Filename Value="utorseur.pas"/>
        <IsPartOfProject Value="True"/>
        <UnitName Value="UTorseur"/>
        <CursorPos X="20" Y="3"/>
        <TopLine Value="1"/>
        <UsageCount Value="28"/>
      </Unit10>
      <Unit11>
        <Filename Value="uvitesse.pas"/>
        <IsPartOfProject Value="True"/>
        <UnitName Value="UVitesse"/>
        <CursorPos X="5" Y="77"/>
        <TopLine Value="1"/>
        <UsageCount Value="28"/>
      </Unit11>
      <Unit12>
        <Filename Value="uarchimede.pas"/>
        <IsPartOfProject Value="True"/>
        <UnitName Value="UArchimede"/>
        <CursorPos X="5" Y="42"/>
        <TopLine Value="1"/>
        <EditorIndex Value="5"/>
        <UsageCount Value="28"/>
        <Loaded Value="True"/>
      </Unit12>
      <Unit13>
        <Filename Value="ufrottement.pas"/>
        <IsPartOfProject Value="True"/>
        <UnitName Value="UFrottement"/>
        <CursorPos X="17" Y="5"/>
        <TopLine Value="1"/>
        <UsageCount Value="28"/>
      </Unit13>
      <Unit14>
        <Filename Value="umateriau.pas"/>
        <IsPartOfProject Value="True"/>
        <UnitName Value="UMateriau"/>
        <CursorPos X="1" Y="67"/>
        <TopLine Value="24"/>
        <EditorIndex Value="2"/>
        <UsageCount Value="28"/>
        <Loaded Value="True"/>
      </Unit14>
      <Unit15>
        <Filename Value="upoids.pas"/>
        <IsPartOfProject Value="True"/>
        <UnitName Value="UPoids"/>
        <CursorPos X="1" Y="62"/>
        <TopLine Value="39"/>
        <UsageCount Value="28"/>
      </Unit15>
      <Unit16>
        <Filename Value="uvent.pas"/>
        <IsPartOfProject Value="True"/>
        <UnitName Value="UVent"/>
        <CursorPos X="62" Y="12"/>
        <TopLine Value="7"/>
        <UsageCount Value="28"/>
      </Unit16>
    </Units>
    <JumpHistory Count="30" HistoryIndex="29">
      <Position1>
        <Filename Value="udessindecor.pas"/>
        <Caret Line="145" Column="25" TopLine="132"/>
      </Position1>
      <Position2>
        <Filename Value="udessinobjet.pas"/>
        <Caret Line="9" Column="62" TopLine="1"/>
      </Position2>
      <Position3>
        <Filename Value="udessinobjet.pas"/>
        <Caret Line="78" Column="44" TopLine="61"/>
      </Position3>
      <Position4>
        <Filename Value="udessinobjet.pas"/>
        <Caret Line="81" Column="5" TopLine="61"/>
      </Position4>
      <Position5>
        <Filename Value="udessinobjet.pas"/>
        <Caret Line="70" Column="7" TopLine="50"/>
      </Position5>
      <Position6>
        <Filename Value="udessinobjet.pas"/>
        <Caret Line="82" Column="22" TopLine="61"/>
      </Position6>
      <Position7>
        <Filename Value="udessinobjet.pas"/>
        <Caret Line="80" Column="54" TopLine="60"/>
      </Position7>
      <Position8>
        <Filename Value="udessinobjet.pas"/>
        <Caret Line="81" Column="53" TopLine="61"/>
      </Position8>
      <Position9>
        <Filename Value="ufaceavant.pas"/>
        <Caret Line="59" Column="6" TopLine="25"/>
      </Position9>
      <Position10>
        <Filename Value="ufaceavant.pas"/>
        <Caret Line="46" Column="14" TopLine="19"/>
      </Position10>
      <Position11>
        <Filename Value="ufaceavant.pas"/>
        <Caret Line="47" Column="1" TopLine="27"/>
      </Position11>
      <Position12>
        <Filename Value="udessinobjet.pas"/>
        <Caret Line="97" Column="53" TopLine="73"/>
      </Position12>
      <Position13>
        <Filename Value="udessinobjet.pas"/>
        <Caret Line="76" Column="11" TopLine="56"/>
      </Position13>
      <Position14>
        <Filename Value="udessinobjet.pas"/>
        <Caret Line="74" Column="42" TopLine="56"/>
      </Position14>
      <Position15>
        <Filename Value="udessinobjet.pas"/>
        <Caret Line="81" Column="12" TopLine="61"/>
      </Position15>
      <Position16>
        <Filename Value="udessindecor.pas"/>
        <Caret Line="94" Column="45" TopLine="74"/>
      </Position16>
      <Position17>
        <Filename Value="udessindecor.pas"/>
        <Caret Line="9" Column="63" TopLine="1"/>
      </Position17>
      <Position18>
        <Filename Value="udessindecor.pas"/>
        <Caret Line="97" Column="9" TopLine="77"/>
      </Position18>
      <Position19>
        <Filename Value="udessindecor.pas"/>
        <Caret Line="99" Column="12" TopLine="79"/>
      </Position19>
      <Position20>
        <Filename Value="udessindecor.pas"/>
        <Caret Line="95" Column="19" TopLine="79"/>
      </Position20>
      <Position21>
        <Filename Value="udessindecor.pas"/>
        <Caret Line="113" Column="42" TopLine="93"/>
      </Position21>
      <Position22>
        <Filename Value="ufaceavant.pas"/>
        <Caret Line="55" Column="30" TopLine="26"/>
      </Position22>
      <Position23>
        <Filename Value="udessinobjet.pas"/>
        <Caret Line="38" Column="75" TopLine="18"/>
      </Position23>
      <Position24>
        <Filename Value="udessinobjet.pas"/>
        <Caret Line="127" Column="23" TopLine="112"/>
      </Position24>
      <Position25>
        <Filename Value="udessinobjet.pas"/>
        <Caret Line="199" Column="32" TopLine="188"/>
      </Position25>
      <Position26>
        <Filename Value="udessinobjet.pas"/>
        <Caret Line="236" Column="22" TopLine="217"/>
      </Position26>
      <Position27>
        <Filename Value="udessinobjet.pas"/>
        <Caret Line="47" Column="3" TopLine="33"/>
      </Position27>
      <Position28>
        <Filename Value="ufaceavant.pas"/>
        <Caret Line="44" Column="38" TopLine="33"/>
      </Position28>
      <Position29>
        <Filename Value="ufaceavant.pas"/>
        <Caret Line="87" Column="31" TopLine="47"/>
      </Position29>
      <Position30>
        <Filename Value="ufaceavant.pas"/>
        <Caret Line="31" Column="108" TopLine="31"/>
      </Position30>
    </JumpHistory>
  </ProjectOptions>
  <CompilerOptions>
    <Version Value="8"/>
    <SearchPaths>
      <IncludeFiles Value="$(ProjOutDir)/"/>
    </SearchPaths>
    <Linking>
      <Options>
        <Win32>
          <GraphicApplication Value="True"/>
        </Win32>
      </Options>
    </Linking>
    <Other>
      <CompilerPath Value="$(CompPath)"/>
    </Other>
  </CompilerOptions>
  <Debugging>
    <Exceptions Count="3">
      <Item1>
        <Name Value="EAbort"/>
      </Item1>
      <Item2>
        <Name Value="ECodetoolError"/>
      </Item2>
      <Item3>
        <Name Value="EFOpenError"/>
      </Item3>
    </Exceptions>
  </Debugging>
</CONFIG>
