<?xml version="1.0"?>
<CONFIG>
  <ProjectOptions>
    <Version Value="9"/>
    <General>
      <MainUnit Value="0"/>
      <UseXPManifest Value="True"/>
      <Icon Value="0"/>
      <ActiveWindowIndexAtStart Value="0"/>
    </General>
    <VersionInfo>
      <Language Value=""/>
      <CharSet Value=""/>
    </VersionInfo>
    <BuildModes Count="1">
      <Item1 Name="default" Default="True"/>
    </BuildModes>
    <PublishOptions>
      <Version Value="2"/>
      <IgnoreBinaries Value="False"/>
      <IncludeFileFilter Value="*.(pas|pp|inc|lfm|lpr|lrs|lpi|lpk|sh|xml)"/>
      <ExcludeFileFilter Value="*.(bak|ppu|ppw|o|so);*~;backup"/>
    </PublishOptions>
    <RunParams>
      <local>
        <FormatVersion Value="1"/>
        <LaunchingApplication PathPlusParams="/usr/X11R6/bin/xterm -T 'Lazarus Run Output' -e $(LazarusDir)/tools/runwait.sh $(TargetCmdLine)"/>
      </local>
    </RunParams>
    <RequiredPackages Count="1">
      <Item1>
        <PackageName Value="LCL"/>
      </Item1>
    </RequiredPackages>
    <Units Count="25">
      <Unit0>
        <Filename Value="moteur2d.lpr"/>
        <IsPartOfProject Value="True"/>
        <UnitName Value="moteur2d"/>
        <EditorIndex Value="1"/>
        <WindowIndex Value="0"/>
        <TopLine Value="7"/>
        <CursorPos X="1" Y="34"/>
        <UsageCount Value="71"/>
        <Loaded Value="True"/>
        <LoadedDesigner Value="True"/>
      </Unit0>
      <Unit1>
        <Filename Value="ufaceavant.pas"/>
        <IsPartOfProject Value="True"/>
        <ComponentName Value="Form1"/>
        <ResourceBaseClass Value="Form"/>
        <UnitName Value="UFaceAvant"/>
        <IsVisibleTab Value="True"/>
        <EditorIndex Value="0"/>
        <WindowIndex Value="0"/>
        <TopLine Value="228"/>
        <CursorPos X="36" Y="235"/>
        <UsageCount Value="71"/>
        <Loaded Value="True"/>
        <LoadedDesigner Value="True"/>
      </Unit1>
      <Unit2>
        <Filename Value="udessinobjet.pas"/>
        <IsPartOfProject Value="True"/>
        <ComponentName Value="Form2"/>
        <ResourceBaseClass Value="Form"/>
        <UnitName Value="UDessinObjet"/>
        <EditorIndex Value="9"/>
        <WindowIndex Value="0"/>
        <TopLine Value="312"/>
        <CursorPos X="5" Y="348"/>
        <UsageCount Value="71"/>
        <Loaded Value="True"/>
        <LoadedDesigner Value="True"/>
      </Unit2>
      <Unit3>
        <Filename Value="uforme.pas"/>
        <IsPartOfProject Value="True"/>
        <UnitName Value="UForme"/>
        <EditorIndex Value="11"/>
        <WindowIndex Value="0"/>
        <TopLine Value="149"/>
        <CursorPos X="5" Y="185"/>
        <UsageCount Value="71"/>
        <Loaded Value="True"/>
      </Unit3>
      <Unit4>
        <Filename Value="udessindecor.pas"/>
        <IsPartOfProject Value="True"/>
        <ComponentName Value="Form3"/>
        <ResourceBaseClass Value="Form"/>
        <UnitName Value="UDessinDecor"/>
        <EditorIndex Value="14"/>
        <WindowIndex Value="0"/>
        <TopLine Value="97"/>
        <CursorPos X="52" Y="133"/>
        <UsageCount Value="71"/>
        <Loaded Value="True"/>
        <LoadedDesigner Value="True"/>
      </Unit4>
      <Unit5>
        <Filename Value="uparamphys.pas"/>
        <IsPartOfProject Value="True"/>
        <ComponentName Value="Form4"/>
        <ResourceBaseClass Value="Form"/>
        <UnitName Value="UParamPhys"/>
        <EditorIndex Value="15"/>
        <WindowIndex Value="0"/>
        <TopLine Value="1"/>
        <CursorPos X="24" Y="4"/>
        <UsageCount Value="70"/>
        <Loaded Value="True"/>
        <LoadedDesigner Value="True"/>
      </Unit5>
      <Unit6>
        <Filename Value="uposition.pas"/>
        <IsPartOfProject Value="True"/>
        <UnitName Value="UPosition"/>
        <EditorIndex Value="5"/>
        <WindowIndex Value="0"/>
        <TopLine Value="25"/>
        <CursorPos X="1" Y="88"/>
        <UsageCount Value="70"/>
        <Loaded Value="True"/>
      </Unit6>
      <Unit7>
        <Filename Value="upositionsolide.pas"/>
        <IsPartOfProject Value="True"/>
        <UnitName Value="UPositionSolide"/>
        <EditorIndex Value="4"/>
        <WindowIndex Value="0"/>
        <TopLine Value="1"/>
        <CursorPos X="15" Y="32"/>
        <UsageCount Value="70"/>
        <Loaded Value="True"/>
      </Unit7>
      <Unit8>
        <Filename Value="uresultante.pas"/>
        <IsPartOfProject Value="True"/>
        <UnitName Value="UResultante"/>
        <EditorIndex Value="3"/>
        <WindowIndex Value="0"/>
        <TopLine Value="62"/>
        <CursorPos X="54" Y="98"/>
        <UsageCount Value="70"/>
        <Loaded Value="True"/>
      </Unit8>
      <Unit9>
        <Filename Value="usolidemouvement.pas"/>
        <IsPartOfProject Value="True"/>
        <UnitName Value="USolideMouvement"/>
        <EditorIndex Value="2"/>
        <WindowIndex Value="0"/>
        <TopLine Value="94"/>
        <CursorPos X="73" Y="111"/>
        <UsageCount Value="70"/>
        <Loaded Value="True"/>
      </Unit9>
      <Unit10>
        <Filename Value="utorseur.pas"/>
        <IsPartOfProject Value="True"/>
        <UnitName Value="UTorseur"/>
        <EditorIndex Value="8"/>
        <WindowIndex Value="0"/>
        <TopLine Value="13"/>
        <CursorPos X="38" Y="23"/>
        <UsageCount Value="70"/>
        <Loaded Value="True"/>
      </Unit10>
      <Unit11>
        <Filename Value="uvitesse.pas"/>
        <IsPartOfProject Value="True"/>
        <UnitName Value="UVitesse"/>
        <EditorIndex Value="7"/>
        <WindowIndex Value="0"/>
        <TopLine Value="1"/>
        <CursorPos X="1" Y="49"/>
        <UsageCount Value="70"/>
        <Loaded Value="True"/>
      </Unit11>
      <Unit12>
        <Filename Value="uarchimede.pas"/>
        <IsPartOfProject Value="True"/>
        <UnitName Value="UArchimede"/>
        <EditorIndex Value="16"/>
        <WindowIndex Value="0"/>
        <TopLine Value="9"/>
        <CursorPos X="23" Y="25"/>
        <UsageCount Value="70"/>
        <Loaded Value="True"/>
      </Unit12>
      <Unit13>
        <Filename Value="ufrottement.pas"/>
        <IsPartOfProject Value="True"/>
        <UnitName Value="UFrottement"/>
        <EditorIndex Value="12"/>
        <WindowIndex Value="0"/>
        <TopLine Value="12"/>
        <CursorPos X="5" Y="48"/>
        <UsageCount Value="70"/>
        <Loaded Value="True"/>
      </Unit13>
      <Unit14>
        <Filename Value="umateriau.pas"/>
        <IsPartOfProject Value="True"/>
        <UnitName Value="UMateriau"/>
        <EditorIndex Value="13"/>
        <WindowIndex Value="0"/>
        <TopLine Value="31"/>
        <CursorPos X="1" Y="67"/>
        <UsageCount Value="70"/>
        <Loaded Value="True"/>
      </Unit14>
      <Unit15>
        <Filename Value="upoids.pas"/>
        <IsPartOfProject Value="True"/>
        <UnitName Value="UPoids"/>
        <EditorIndex Value="6"/>
        <WindowIndex Value="0"/>
        <TopLine Value="22"/>
        <CursorPos X="49" Y="47"/>
        <UsageCount Value="70"/>
        <Loaded Value="True"/>
      </Unit15>
      <Unit16>
        <Filename Value="uvent.pas"/>
        <IsPartOfProject Value="True"/>
        <UnitName Value="UVent"/>
        <EditorIndex Value="10"/>
        <WindowIndex Value="0"/>
        <TopLine Value="1"/>
        <CursorPos X="22" Y="24"/>
        <UsageCount Value="70"/>
        <Loaded Value="True"/>
      </Unit16>
      <Unit17>
        <Filename Value="../../../../Windows/Lazarus/lcl/include/rasterimage.inc"/>
        <TopLine Value="542"/>
        <CursorPos X="1" Y="553"/>
        <UsageCount Value="8"/>
      </Unit17>
      <Unit18>
        <Filename Value="../../../../../Windows/Lazarus/lcl/include/canvas.inc"/>
        <TopLine Value="16"/>
        <CursorPos X="1" Y="31"/>
        <UsageCount Value="8"/>
      </Unit18>
      <Unit19>
        <Filename Value="../../../../../lazarus/lcl/include/rasterimage.inc"/>
        <WindowIndex Value="0"/>
        <TopLine Value="392"/>
        <CursorPos X="1" Y="410"/>
        <UsageCount Value="11"/>
        <LoadedDesigner Value="True"/>
      </Unit19>
      <Unit20>
        <Filename Value="../../../../../Windows/Lazarus/lcl/include/rasterimage.inc"/>
        <TopLine Value="290"/>
        <CursorPos X="1" Y="305"/>
        <UsageCount Value="8"/>
      </Unit20>
      <Unit21>
        <Filename Value="../../../../../lazarus/lcl/include/canvas.inc"/>
        <WindowIndex Value="0"/>
        <TopLine Value="135"/>
        <CursorPos X="1" Y="153"/>
        <UsageCount Value="11"/>
        <LoadedDesigner Value="True"/>
      </Unit21>
      <Unit22>
        <Filename Value="../../../../../lazarus/lcl/interfaces/win32/win32object.inc"/>
        <WindowIndex Value="0"/>
        <TopLine Value="770"/>
        <CursorPos X="1" Y="788"/>
        <UsageCount Value="11"/>
        <LoadedDesigner Value="True"/>
      </Unit22>
      <Unit23>
        <Filename Value="../../../../../lazarus/lcl/include/customimage.inc"/>
        <WindowIndex Value="0"/>
        <TopLine Value="47"/>
        <CursorPos X="1" Y="65"/>
        <UsageCount Value="11"/>
        <LoadedDesigner Value="True"/>
      </Unit23>
      <Unit24>
        <Filename Value="../../../../../lazarus/lcl/include/custombitmap.inc"/>
        <WindowIndex Value="0"/>
        <TopLine Value="374"/>
        <CursorPos X="1" Y="392"/>
        <UsageCount Value="11"/>
        <LoadedDesigner Value="True"/>
      </Unit24>
    </Units>
    <JumpHistory Count="18" HistoryIndex="17">
      <Position1>
        <Filename Value="uposition.pas"/>
        <Caret Line="92" Column="1" TopLine="74"/>
      </Position1>
      <Position2>
        <Filename Value="uposition.pas"/>
        <Caret Line="93" Column="1" TopLine="75"/>
      </Position2>
      <Position3>
        <Filename Value="uposition.pas"/>
        <Caret Line="87" Column="1" TopLine="69"/>
      </Position3>
      <Position4>
        <Filename Value="uposition.pas"/>
        <Caret Line="88" Column="1" TopLine="70"/>
      </Position4>
      <Position5>
        <Filename Value="ufaceavant.pas"/>
        <Caret Line="446" Column="1" TopLine="428"/>
      </Position5>
      <Position6>
        <Filename Value="ufaceavant.pas"/>
        <Caret Line="439" Column="1" TopLine="421"/>
      </Position6>
      <Position7>
        <Filename Value="ufaceavant.pas"/>
        <Caret Line="456" Column="1" TopLine="433"/>
      </Position7>
      <Position8>
        <Filename Value="ufaceavant.pas"/>
        <Caret Line="459" Column="1" TopLine="433"/>
      </Position8>
      <Position9>
        <Filename Value="ufaceavant.pas"/>
        <Caret Line="462" Column="1" TopLine="433"/>
      </Position9>
      <Position10>
        <Filename Value="ufaceavant.pas"/>
        <Caret Line="289" Column="261" TopLine="211"/>
      </Position10>
      <Position11>
        <Filename Value="ufaceavant.pas"/>
        <Caret Line="234" Column="8" TopLine="217"/>
      </Position11>
      <Position12>
        <Filename Value="ufaceavant.pas"/>
        <Caret Line="289" Column="259" TopLine="273"/>
      </Position12>
      <Position13>
        <Filename Value="ufaceavant.pas"/>
        <Caret Line="436" Column="11" TopLine="400"/>
      </Position13>
      <Position14>
        <Filename Value="ufaceavant.pas"/>
        <Caret Line="240" Column="42" TopLine="214"/>
      </Position14>
      <Position15>
        <Filename Value="ufaceavant.pas"/>
        <Caret Line="58" Column="130" TopLine="44"/>
      </Position15>
      <Position16>
        <Filename Value="ufaceavant.pas"/>
        <Caret Line="496" Column="10" TopLine="480"/>
      </Position16>
      <Position17>
        <Filename Value="ufaceavant.pas"/>
        <Caret Line="492" Column="10" TopLine="480"/>
      </Position17>
      <Position18>
        <Filename Value="ufaceavant.pas"/>
        <Caret Line="468" Column="54" TopLine="464"/>
      </Position18>
    </JumpHistory>
  </ProjectOptions>
  <CompilerOptions>
    <Version Value="9"/>
    <SearchPaths>
      <IncludeFiles Value="$(ProjOutDir)"/>
    </SearchPaths>
    <Parsing>
      <SyntaxOptions>
        <UseAnsiStrings Value="False"/>
      </SyntaxOptions>
    </Parsing>
    <Linking>
      <Options>
        <Win32>
          <GraphicApplication Value="True"/>
        </Win32>
      </Options>
    </Linking>
    <Other>
      <CompilerPath Value="$(CompPath)"/>
    </Other>
  </CompilerOptions>
  <Debugging>
    <Exceptions Count="3">
      <Item1>
        <Name Value="EAbort"/>
      </Item1>
      <Item2>
        <Name Value="ECodetoolError"/>
      </Item2>
      <Item3>
        <Name Value="EFOpenError"/>
      </Item3>
    </Exceptions>
  </Debugging>
</CONFIG>
